
Microsoft Visual Studio Solution File, Format Version 12.00
# Visual Studio 15
VisualStudioVersion = 15.0.28010.2036
MinimumVisualStudioVersion = 10.0.40219.1
Project("{FAE04EC0-301F-11D3-BF4B-00C04F79EFBC}") = "LYMG.FitnessApparatusDemo", "LYMG.FitnessApparatusDemo\LYMG.FitnessApparatusDemo.csproj", "{4797F9C3-5DCA-4455-B4E5-3A02BF35FBF0}"
EndProject
Global
	GlobalSection(SolutionConfigurationPlatforms) = preSolution
		Debug|Any CPU = Debug|Any CPU
		Release|Any CPU = Release|Any CPU
	EndGlobalSection
	GlobalSection(ProjectConfigurationPlatforms) = postSolution
		{4797F9C3-5DCA-4455-B4E5-3A02BF35FBF0}.Debug|Any CPU.ActiveCfg = Debug|Any CPU
		{4797F9C3-5DCA-4455-B4E5-3A02BF35FBF0}.Debug|Any CPU.Build.0 = Debug|Any CPU
		{4797F9C3-5DCA-4455-B4E5-3A02BF35FBF0}.Release|Any CPU.ActiveCfg = Release|Any CPU
		{4797F9C3-5DCA-4455-B4E5-3A02BF35FBF0}.Release|Any CPU.Build.0 = Release|Any CPU
	EndGlobalSection
	GlobalSection(SolutionProperties) = preSolution
		HideSolutionNode = FALSE
	EndGlobalSection
	GlobalSection(ExtensibilityGlobals) = postSolution
		SolutionGuid = {E848FB19-4A3B-44FA-B77F-EAB1EF561BE9}
	EndGlobalSection
EndGlobal
